// !$*UTF8*$!
{
	archiveVersion = 1;
	classes = {
	};
	objectVersion = 56;
	objects = {

/* Begin PBXBuildFile section */
		1D30F3F52CA0989D0017797B /* GreetingsVM.swift in Sources */ = {isa = PBXBuildFile; fileRef = 1D30F3F32CA0989D0017797B /* GreetingsVM.swift */; };
		1D30F3F62CA0989D0017797B /* GreetingsView.swift in Sources */ = {isa = PBXBuildFile; fileRef = 1D30F3F42CA0989D0017797B /* GreetingsView.swift */; };
		1D622A602CA08DE800528206 /* MyAppWithMySPMApp.swift in Sources */ = {isa = PBXBuildFile; fileRef = 1D622A5F2CA08DE800528206 /* MyAppWithMySPMApp.swift */; };
		1D622A642CA08DE900528206 /* Assets.xcassets in Resources */ = {isa = PBXBuildFile; fileRef = 1D622A632CA08DE900528206 /* Assets.xcassets */; };
		1D622A672CA08DE900528206 /* Preview Assets.xcassets in Resources */ = {isa = PBXBuildFile; fileRef = 1D622A662CA08DE900528206 /* Preview Assets.xcassets */; };
		1D622A6F2CA08E1600528206 /* MySPM in Frameworks */ = {isa = PBXBuildFile; productRef = 1D622A6E2CA08E1600528206 /* MySPM */; };
		1D622A752CA0929A00528206 /* NameUseCase.swift in Sources */ = {isa = PBXBuildFile; fileRef = 1D622A742CA0929A00528206 /* NameUseCase.swift */; };
/* End PBXBuildFile section */

/* Begin PBXFileReference section */
		1D30F3F32CA0989D0017797B /* GreetingsVM.swift */ = {isa = PBXFileReference; fileEncoding = 4; lastKnownFileType = sourcecode.swift; path = GreetingsVM.swift; sourceTree = "<group>"; };
		1D30F3F42CA0989D0017797B /* GreetingsView.swift */ = {isa = PBXFileReference; fileEncoding = 4; lastKnownFileType = sourcecode.swift; path = GreetingsView.swift; sourceTree = "<group>"; };
		1D622A5C2CA08DE800528206 /* MyAppWithMySPM.app */ = {isa = PBXFileReference; explicitFileType = wrapper.application; includeInIndex = 0; path = MyAppWithMySPM.app; sourceTree = BUILT_PRODUCTS_DIR; };
		1D622A5F2CA08DE800528206 /* MyAppWithMySPMApp.swift */ = {isa = PBXFileReference; lastKnownFileType = sourcecode.swift; path = MyAppWithMySPMApp.swift; sourceTree = "<group>"; };
		1D622A632CA08DE900528206 /* Assets.xcassets */ = {isa = PBXFileReference; lastKnownFileType = folder.assetcatalog; path = Assets.xcassets; sourceTree = "<group>"; };
		1D622A662CA08DE900528206 /* Preview Assets.xcassets */ = {isa = PBXFileReference; lastKnownFileType = folder.assetcatalog; path = "Preview Assets.xcassets"; sourceTree = "<group>"; };
		1D622A742CA0929A00528206 /* NameUseCase.swift */ = {isa = PBXFileReference; lastKnownFileType = sourcecode.swift; path = NameUseCase.swift; sourceTree = "<group>"; };
/* End PBXFileReference section */

/* Begin PBXFrameworksBuildPhase section */
		1D622A592CA08DE800528206 /* Frameworks */ = {
			isa = PBXFrameworksBuildPhase;
			buildActionMask = 2147483647;
			files = (
				1D622A6F2CA08E1600528206 /* MySPM in Frameworks */,
			);
			runOnlyForDeploymentPostprocessing = 0;
		};
/* End PBXFrameworksBuildPhase section */

/* Begin PBXGroup section */
		1D30F3F72CA098AE0017797B /* Screens */ = {
			isa = PBXGroup;
			children = (
				1D30F3F82CA098B90017797B /* Greetings */,
			);
			path = Screens;
			sourceTree = "<group>";
		};
		1D30F3F82CA098B90017797B /* Greetings */ = {
			isa = PBXGroup;
			children = (
				1D30F3F42CA0989D0017797B /* GreetingsView.swift */,
				1D30F3F32CA0989D0017797B /* GreetingsVM.swift */,
			);
			path = Greetings;
			sourceTree = "<group>";
		};
		1D30F3F92CA099150017797B /* Common */ = {
			isa = PBXGroup;
			children = (
				1D30F3FA2CA099210017797B /* UseCase */,
			);
			path = Common;
			sourceTree = "<group>";
		};
		1D30F3FA2CA099210017797B /* UseCase */ = {
			isa = PBXGroup;
			children = (
				1D622A742CA0929A00528206 /* NameUseCase.swift */,
			);
			path = UseCase;
			sourceTree = "<group>";
		};
		1D622A532CA08DE800528206 = {
			isa = PBXGroup;
			children = (
				1D622A5E2CA08DE800528206 /* MyAppWithMySPM */,
				1D622A5D2CA08DE800528206 /* Products */,
			);
			sourceTree = "<group>";
		};
		1D622A5D2CA08DE800528206 /* Products */ = {
			isa = PBXGroup;
			children = (
				1D622A5C2CA08DE800528206 /* MyAppWithMySPM.app */,
			);
			name = Products;
			sourceTree = "<group>";
		};
		1D622A5E2CA08DE800528206 /* MyAppWithMySPM */ = {
			isa = PBXGroup;
			children = (
				1D622A5F2CA08DE800528206 /* MyAppWithMySPMApp.swift */,
				1D30F3F72CA098AE0017797B /* Screens */,
				1D30F3F92CA099150017797B /* Common */,
				1D622A632CA08DE900528206 /* Assets.xcassets */,
				1D622A652CA08DE900528206 /* Preview Content */,
			);
			path = MyAppWithMySPM;
			sourceTree = "<group>";
		};
		1D622A652CA08DE900528206 /* Preview Content */ = {
			isa = PBXGroup;
			children = (
				1D622A662CA08DE900528206 /* Preview Assets.xcassets */,
			);
			path = "Preview Content";
			sourceTree = "<group>";
		};
/* End PBXGroup section */

/* Begin PBXNativeTarget section */
		1D622A5B2CA08DE800528206 /* MyAppWithMySPM */ = {
			isa = PBXNativeTarget;
			buildConfigurationList = 1D622A6A2CA08DE900528206 /* Build configuration list for PBXNativeTarget "MyAppWithMySPM" */;
			buildPhases = (
				1D622A582CA08DE800528206 /* Sources */,
				1D622A592CA08DE800528206 /* Frameworks */,
				1D622A5A2CA08DE800528206 /* Resources */,
			);
			buildRules = (
			);
			dependencies = (
			);
			name = MyAppWithMySPM;
			packageProductDependencies = (
				1D622A6E2CA08E1600528206 /* MySPM */,
			);
			productName = MyAppWithMySPM;
			productReference = 1D622A5C2CA08DE800528206 /* MyAppWithMySPM.app */;
			productType = "com.apple.product-type.application";
		};
/* End PBXNativeTarget section */

/* Begin PBXProject section */
		1D622A542CA08DE800528206 /* Project object */ = {
			isa = PBXProject;
			attributes = {
				BuildIndependentTargetsInParallel = 1;
				LastSwiftUpdateCheck = 1540;
				LastUpgradeCheck = 1540;
				TargetAttributes = {
					1D622A5B2CA08DE800528206 = {
						CreatedOnToolsVersion = 15.4;
					};
				};
			};
			buildConfigurationList = 1D622A572CA08DE800528206 /* Build configuration list for PBXProject "MyAppWithMySPM" */;
			compatibilityVersion = "Xcode 14.0";
			developmentRegion = en;
			hasScannedForEncodings = 0;
			knownRegions = (
				en,
				Base,
			);
			mainGroup = 1D622A532CA08DE800528206;
			packageReferences = (
				1D622A6D2CA08E1600528206 /* XCRemoteSwiftPackageReference "MySPM" */,
			);
			productRefGroup = 1D622A5D2CA08DE800528206 /* Products */;
			projectDirPath = "";
			projectRoot = "";
			targets = (
				1D622A5B2CA08DE800528206 /* MyAppWithMySPM */,
			);
		};
/* End PBXProject section */

/* Begin PBXResourcesBuildPhase section */
		1D622A5A2CA08DE800528206 /* Resources */ = {
			isa = PBXResourcesBuildPhase;
			buildActionMask = 2147483647;
			files = (
				1D622A672CA08DE900528206 /* Preview Assets.xcassets in Resources */,
				1D622A642CA08DE900528206 /* Assets.xcassets in Resources */,
			);
			runOnlyForDeploymentPostprocessing = 0;
		};
/* End PBXResourcesBuildPhase section */

/* Begin PBXSourcesBuildPhase section */
		1D622A582CA08DE800528206 /* Sources */ = {
			isa = PBXSourcesBuildPhase;
			buildActionMask = 2147483647;
			files = (
				1D622A752CA0929A00528206 /* NameUseCase.swift in Sources */,
				1D30F3F62CA0989D0017797B /* GreetingsView.swift in Sources */,
				1D622A602CA08DE800528206 /* MyAppWithMySPMApp.swift in Sources */,
				1D30F3F52CA0989D0017797B /* GreetingsVM.swift in Sources */,
			);
			runOnlyForDeploymentPostprocessing = 0;
		};
/* End PBXSourcesBuildPhase section */

/* Begin XCBuildConfiguration section */
		1D622A682CA08DE900528206 /* Debug */ = {
			isa = XCBuildConfiguration;
			buildSettings = {
				ALWAYS_SEARCH_USER_PATHS = NO;
				ASSETCATALOG_COMPILER_GENERATE_SWIFT_ASSET_SYMBOL_EXTENSIONS = YES;
				CLANG_ANALYZER_NONNULL = YES;
				CLANG_ANALYZER_NUMBER_OBJECT_CONVERSION = YES_AGGRESSIVE;
				CLANG_CXX_LANGUAGE_STANDARD = "gnu++20";
				CLANG_ENABLE_MODULES = YES;
				CLANG_ENABLE_OBJC_ARC = YES;
				CLANG_ENABLE_OBJC_WEAK = YES;
				CLANG_WARN_BLOCK_CAPTURE_AUTORELEASING = YES;
				CLANG_WARN_BOOL_CONVERSION = YES;
				CLANG_WARN_COMMA = YES;
				CLANG_WARN_CONSTANT_CONVERSION = YES;
				CLANG_WARN_DEPRECATED_OBJC_IMPLEMENTATIONS = YES;
				CLANG_WARN_DIRECT_OBJC_ISA_USAGE = YES_ERROR;
				CLANG_WARN_DOCUMENTATION_COMMENTS = YES;
				CLANG_WARN_EMPTY_BODY = YES;
				CLANG_WARN_ENUM_CONVERSION = YES;
				CLANG_WARN_INFINITE_RECURSION = YES;
				CLANG_WARN_INT_CONVERSION = YES;
				CLANG_WARN_NON_LITERAL_NULL_CONVERSION = YES;
				CLANG_WARN_OBJC_IMPLICIT_RETAIN_SELF = YES;
				CLANG_WARN_OBJC_LITERAL_CONVERSION = YES;
				CLANG_WARN_OBJC_ROOT_CLASS = YES_ERROR;
				CLANG_WARN_QUOTED_INCLUDE_IN_FRAMEWORK_HEADER = YES;
				CLANG_WARN_RANGE_LOOP_ANALYSIS = YES;
				CLANG_WARN_STRICT_PROTOTYPES = YES;
				CLANG_WARN_SUSPICIOUS_MOVE = YES;
				CLANG_WARN_UNGUARDED_AVAILABILITY = YES_AGGRESSIVE;
				CLANG_WARN_UNREACHABLE_CODE = YES;
				CLANG_WARN__DUPLICATE_METHOD_MATCH = YES;
				COPY_PHASE_STRIP = NO;
				DEBUG_INFORMATION_FORMAT = dwarf;
				ENABLE_STRICT_OBJC_MSGSEND = YES;
				ENABLE_TESTABILITY = YES;
				ENABLE_USER_SCRIPT_SANDBOXING = YES;
				GCC_C_LANGUAGE_STANDARD = gnu17;
				GCC_DYNAMIC_NO_PIC = NO;
				GCC_NO_COMMON_BLOCKS = YES;
				GCC_OPTIMIZATION_LEVEL = 0;
				GCC_PREPROCESSOR_DEFINITIONS = (
					"DEBUG=1",
					"$(inherited)",
				);
				GCC_WARN_64_TO_32_BIT_CONVERSION = YES;
				GCC_WARN_ABOUT_RETURN_TYPE = YES_ERROR;
				GCC_WARN_UNDECLARED_SELECTOR = YES;
				GCC_WARN_UNINITIALIZED_AUTOS = YES_AGGRESSIVE;
				GCC_WARN_UNUSED_FUNCTION = YES;
				GCC_WARN_UNUSED_VARIABLE = YES;
				IPHONEOS_DEPLOYMENT_TARGET = 17.5;
				LOCALIZATION_PREFERS_STRING_CATALOGS = YES;
				MTL_ENABLE_DEBUG_INFO = INCLUDE_SOURCE;
				MTL_FAST_MATH = YES;
				ONLY_ACTIVE_ARCH = YES;
				SDKROOT = iphoneos;
				SWIFT_ACTIVE_COMPILATION_CONDITIONS = "DEBUG $(inherited)";
				SWIFT_OPTIMIZATION_LEVEL = "-Onone";
			};
			name = Debug;
		};
		1D622A692CA08DE900528206 /* Release */ = {
			isa = XCBuildConfiguration;
			buildSettings = {
				ALWAYS_SEARCH_USER_PATHS = NO;
				ASSETCATALOG_COMPILER_GENERATE_SWIFT_ASSET_SYMBOL_EXTENSIONS = YES;
				CLANG_ANALYZER_NONNULL = YES;
				CLANG_ANALYZER_NUMBER_OBJECT_CONVERSION = YES_AGGRESSIVE;
				CLANG_CXX_LANGUAGE_STANDARD = "gnu++20";
				CLANG_ENABLE_MODULES = YES;
				CLANG_ENABLE_OBJC_ARC = YES;
				CLANG_ENABLE_OBJC_WEAK = YES;
				CLANG_WARN_BLOCK_CAPTURE_AUTORELEASING = YES;
				CLANG_WARN_BOOL_CONVERSION = YES;
				CLANG_WARN_COMMA = YES;
				CLANG_WARN_CONSTANT_CONVERSION = YES;
				CLANG_WARN_DEPRECATED_OBJC_IMPLEMENTATIONS = YES;
				CLANG_WARN_DIRECT_OBJC_ISA_USAGE = YES_ERROR;
				CLANG_WARN_DOCUMENTATION_COMMENTS = YES;
				CLANG_WARN_EMPTY_BODY = YES;
				CLANG_WARN_ENUM_CONVERSION = YES;
				CLANG_WARN_INFINITE_RECURSION = YES;
				CLANG_WARN_INT_CONVERSION = YES;
				CLANG_WARN_NON_LITERAL_NULL_CONVERSION = YES;
				CLANG_WARN_OBJC_IMPLICIT_RETAIN_SELF = YES;
				CLANG_WARN_OBJC_LITERAL_CONVERSION = YES;
				CLANG_WARN_OBJC_ROOT_CLASS = YES_ERROR;
				CLANG_WARN_QUOTED_INCLUDE_IN_FRAMEWORK_HEADER = YES;
				CLANG_WARN_RANGE_LOOP_ANALYSIS = YES;
				CLANG_WARN_STRICT_PROTOTYPES = YES;
				CLANG_WARN_SUSPICIOUS_MOVE = YES;
				CLANG_WARN_UNGUARDED_AVAILABILITY = YES_AGGRESSIVE;
				CLANG_WARN_UNREACHABLE_CODE = YES;
				CLANG_WARN__DUPLICATE_METHOD_MATCH = YES;
				COPY_PHASE_STRIP = NO;
				DEBUG_INFORMATION_FORMAT = "dwarf-with-dsym";
				ENABLE_NS_ASSERTIONS = NO;
				ENABLE_STRICT_OBJC_MSGSEND = YES;
				ENABLE_USER_SCRIPT_SANDBOXING = YES;
				GCC_C_LANGUAGE_STANDARD = gnu17;
				GCC_NO_COMMON_BLOCKS = YES;
				GCC_WARN_64_TO_32_BIT_CONVERSION = YES;
				GCC_WARN_ABOUT_RETURN_TYPE = YES_ERROR;
				GCC_WARN_UNDECLARED_SELECTOR = YES;
				GCC_WARN_UNINITIALIZED_AUTOS = YES_AGGRESSIVE;
				GCC_WARN_UNUSED_FUNCTION = YES;
				GCC_WARN_UNUSED_VARIABLE = YES;
				IPHONEOS_DEPLOYMENT_TARGET = 17.5;
				LOCALIZATION_PREFERS_STRING_CATALOGS = YES;
				MTL_ENABLE_DEBUG_INFO = NO;
				MTL_FAST_MATH = YES;
				SDKROOT = iphoneos;
				SWIFT_COMPILATION_MODE = wholemodule;
				VALIDATE_PRODUCT = YES;
			};
			name = Release;
		};
		1D622A6B2CA08DE900528206 /* Debug */ = {
			isa = XCBuildConfiguration;
			buildSettings = {
				ASSETCATALOG_COMPILER_APPICON_NAME = AppIcon;
				ASSETCATALOG_COMPILER_GLOBAL_ACCENT_COLOR_NAME = AccentColor;
				CODE_SIGN_STYLE = Automatic;
				CURRENT_PROJECT_VERSION = 1;
				DEVELOPMENT_ASSET_PATHS = "\"MyAppWithMySPM/Preview Content\"";
				ENABLE_PREVIEWS = YES;
				GENERATE_INFOPLIST_FILE = YES;
				INFOPLIST_KEY_UIApplicationSceneManifest_Generation = YES;
				INFOPLIST_KEY_UIApplicationSupportsIndirectInputEvents = YES;
				INFOPLIST_KEY_UILaunchScreen_Generation = YES;
				INFOPLIST_KEY_UISupportedInterfaceOrientations_iPad = "UIInterfaceOrientationPortrait UIInterfaceOrientationPortraitUpsideDown UIInterfaceOrientationLandscapeLeft UIInterfaceOrientationLandscapeRight";
				INFOPLIST_KEY_UISupportedInterfaceOrientations_iPhone = "UIInterfaceOrientationPortrait UIInterfaceOrientationLandscapeLeft UIInterfaceOrientationLandscapeRight";
				LD_RUNPATH_SEARCH_PATHS = (
					"$(inherited)",
					"@executable_path/Frameworks",
				);
				MARKETING_VERSION = 1.0;
				PRODUCT_BUNDLE_IDENTIFIER = com.tho.MyAppWithMySPM;
				PRODUCT_NAME = "$(TARGET_NAME)";
				SWIFT_EMIT_LOC_STRINGS = YES;
				SWIFT_VERSION = 5.0;
				TARGETED_DEVICE_FAMILY = "1,2";
			};
			name = Debug;
		};
		1D622A6C2CA08DE900528206 /* Release */ = {
			isa = XCBuildConfiguration;
			buildSettings = {
				ASSETCATALOG_COMPILER_APPICON_NAME = AppIcon;
				ASSETCATALOG_COMPILER_GLOBAL_ACCENT_COLOR_NAME = AccentColor;
				CODE_SIGN_STYLE = Automatic;
				CURRENT_PROJECT_VERSION = 1;
				DEVELOPMENT_ASSET_PATHS = "\"MyAppWithMySPM/Preview Content\"";
				ENABLE_PREVIEWS = YES;
				GENERATE_INFOPLIST_FILE = YES;
				INFOPLIST_KEY_UIApplicationSceneManifest_Generation = YES;
				INFOPLIST_KEY_UIApplicationSupportsIndirectInputEvents = YES;
				INFOPLIST_KEY_UILaunchScreen_Generation = YES;
				INFOPLIST_KEY_UISupportedInterfaceOrientations_iPad = "UIInterfaceOrientationPortrait UIInterfaceOrientationPortraitUpsideDown UIInterfaceOrientationLandscapeLeft UIInterfaceOrientationLandscapeRight";
				INFOPLIST_KEY_UISupportedInterfaceOrientations_iPhone = "UIInterfaceOrientationPortrait UIInterfaceOrientationLandscapeLeft UIInterfaceOrientationLandscapeRight";
				LD_RUNPATH_SEARCH_PATHS = (
					"$(inherited)",
					"@executable_path/Frameworks",
				);
				MARKETING_VERSION = 1.0;
				PRODUCT_BUNDLE_IDENTIFIER = com.tho.MyAppWithMySPM;
				PRODUCT_NAME = "$(TARGET_NAME)";
				SWIFT_EMIT_LOC_STRINGS = YES;
				SWIFT_VERSION = 5.0;
				TARGETED_DEVICE_FAMILY = "1,2";
			};
			name = Release;
		};
/* End XCBuildConfiguration section */

/* Begin XCConfigurationList section */
		1D622A572CA08DE800528206 /* Build configuration list for PBXProject "MyAppWithMySPM" */ = {
			isa = XCConfigurationList;
			buildConfigurations = (
				1D622A682CA08DE900528206 /* Debug */,
				1D622A692CA08DE900528206 /* Release */,
			);
			defaultConfigurationIsVisible = 0;
			defaultConfigurationName = Release;
		};
		1D622A6A2CA08DE900528206 /* Build configuration list for PBXNativeTarget "MyAppWithMySPM" */ = {
			isa = XCConfigurationList;
			buildConfigurations = (
				1D622A6B2CA08DE900528206 /* Debug */,
				1D622A6C2CA08DE900528206 /* Release */,
			);
			defaultConfigurationIsVisible = 0;
			defaultConfigurationName = Release;
		};
/* End XCConfigurationList section */

/* Begin XCRemoteSwiftPackageReference section */
		1D622A6D2CA08E1600528206 /* XCRemoteSwiftPackageReference "MySPM" */ = {
			isa = XCRemoteSwiftPackageReference;
			repositoryURL = "https://github.com/TheHandyOwl/MySPM/";
			requirement = {
				kind = upToNextMajorVersion;
				minimumVersion = 1.0.0;
			};
		};
/* End XCRemoteSwiftPackageReference section */

/* Begin XCSwiftPackageProductDependency section */
		1D622A6E2CA08E1600528206 /* MySPM */ = {
			isa = XCSwiftPackageProductDependency;
			package = 1D622A6D2CA08E1600528206 /* XCRemoteSwiftPackageReference "MySPM" */;
			productName = MySPM;
		};
/* End XCSwiftPackageProductDependency section */
	};
	rootObject = 1D622A542CA08DE800528206 /* Project object */;
}
